
Microsoft Visual Studio Solution File, Format Version 11.00
# Visual Studio 2010
Project("{FAE04EC0-301F-11D3-BF4B-00C04F79EFBC}") = "Vaerydian", "Vaerydian\Vaerydian\Vaerydian.csproj", "{258D8CCD-D23E-4F3A-9780-1F25622789C4}"
EndProject
Project("{96E2B04D-8817-42C6-938A-82C39BA4D311}") = "VaerydianContent", "Vaerydian\VaerydianContent\VaerydianContent.contentproj", "{3B976B03-69D0-4CB9-8E4F-B9247CA2D60E}"
EndProject
Global
	GlobalSection(SolutionConfigurationPlatforms) = preSolution
		Debug|x86 = Debug|x86
		Release|x86 = Release|x86
	EndGlobalSection
	GlobalSection(ProjectConfigurationPlatforms) = postSolution
		{258D8CCD-D23E-4F3A-9780-1F25622789C4}.Debug|x86.ActiveCfg = Debug|x86
		{258D8CCD-D23E-4F3A-9780-1F25622789C4}.Debug|x86.Build.0 = Debug|x86
		{258D8CCD-D23E-4F3A-9780-1F25622789C4}.Release|x86.ActiveCfg = Release|x86
		{258D8CCD-D23E-4F3A-9780-1F25622789C4}.Release|x86.Build.0 = Release|x86
		{3B976B03-69D0-4CB9-8E4F-B9247CA2D60E}.Debug|x86.ActiveCfg = Debug|x86
		{3B976B03-69D0-4CB9-8E4F-B9247CA2D60E}.Release|x86.ActiveCfg = Release|x86
	EndGlobalSection
	GlobalSection(SolutionProperties) = preSolution
		HideSolutionNode = FALSE
	EndGlobalSection
EndGlobal
